
Microsoft Visual Studio Solution File, Format Version 12.00
# Visual Studio Version 17
VisualStudioVersion = 17.13.35919.96
MinimumVisualStudioVersion = 10.0.40219.1
Project("{FAE04EC0-301F-11D3-BF4B-00C04F79EFBC}") = "CompassCalibration", "CompassCalibration\CompassCalibration.csproj", "{E82C04A8-B3C1-4184-AC4B-D309A650B11A}"
EndProject
Project("{FAE04EC0-301F-11D3-BF4B-00C04F79EFBC}") = "AbsurdArithmetic", "AbsurdArithmetic\AbsurdArithmetic.csproj", "{1542CC06-3F68-43C8-847B-8A7D4D39354A}"
EndProject
Project("{FAE04EC0-301F-11D3-BF4B-00C04F79EFBC}") = "SuppliesInSurplus", "SuppliesInSurplus\SuppliesInSurplus.csproj", "{8917B90E-52F3-478D-8624-D98B8A28E7D2}"
EndProject
Project("{FAE04EC0-301F-11D3-BF4B-00C04F79EFBC}") = "AeolianTransmissions", "AeolianTransmissions\AeolianTransmissions.csproj", "{19A105D4-9659-4894-9632-B6C1F5C0290B}"
EndProject
Project("{FAE04EC0-301F-11D3-BF4B-00C04F79EFBC}") = "PatronIslands", "PatronIslands\PatronIslands.csproj", "{E90C5649-81C4-4F9F-B53E-BECED89FA391}"
EndProject
Project("{FAE04EC0-301F-11D3-BF4B-00C04F79EFBC}") = "LotusScramble", "LotusScramble\LotusScramble.csproj", "{E39CD28A-9C38-43F5-91F5-45DC2B71F4EC}"
EndProject
Project("{FAE04EC0-301F-11D3-BF4B-00C04F79EFBC}") = "SirenDisruption", "SirenDisruption\SirenDisruption.csproj", "{638BA523-B60B-49A9-AFB3-7144BD3942EE}"
EndProject
Project("{FAE04EC0-301F-11D3-BF4B-00C04F79EFBC}") = "RiskyShortcut", "RiskyShortcut\RiskyShortcut.csproj", "{AFE5BEF8-C8A0-48BE-A650-B97EAF411529}"
EndProject
Project("{FAE04EC0-301F-11D3-BF4B-00C04F79EFBC}") = "WindyBargain", "WindyBargain\WindyBargain.csproj", "{DF1A9B57-FD2B-4706-BC69-125391DDC7FC}"
EndProject
Project("{FAE04EC0-301F-11D3-BF4B-00C04F79EFBC}") = "CyclopsChaos", "CyclopsChaos\CyclopsChaos.csproj", "{39FDDCDE-A8DE-4CBE-BEF5-3AC7E93FA8E7}"
EndProject
Global
	GlobalSection(SolutionConfigurationPlatforms) = preSolution
		Debug|Any CPU = Debug|Any CPU
		Release|Any CPU = Release|Any CPU
	EndGlobalSection
	GlobalSection(ProjectConfigurationPlatforms) = postSolution
		{E82C04A8-B3C1-4184-AC4B-D309A650B11A}.Debug|Any CPU.ActiveCfg = Debug|Any CPU
		{E82C04A8-B3C1-4184-AC4B-D309A650B11A}.Debug|Any CPU.Build.0 = Debug|Any CPU
		{E82C04A8-B3C1-4184-AC4B-D309A650B11A}.Release|Any CPU.ActiveCfg = Release|Any CPU
		{E82C04A8-B3C1-4184-AC4B-D309A650B11A}.Release|Any CPU.Build.0 = Release|Any CPU
		{1542CC06-3F68-43C8-847B-8A7D4D39354A}.Debug|Any CPU.ActiveCfg = Debug|Any CPU
		{1542CC06-3F68-43C8-847B-8A7D4D39354A}.Debug|Any CPU.Build.0 = Debug|Any CPU
		{1542CC06-3F68-43C8-847B-8A7D4D39354A}.Release|Any CPU.ActiveCfg = Release|Any CPU
		{1542CC06-3F68-43C8-847B-8A7D4D39354A}.Release|Any CPU.Build.0 = Release|Any CPU
		{8917B90E-52F3-478D-8624-D98B8A28E7D2}.Debug|Any CPU.ActiveCfg = Debug|Any CPU
		{8917B90E-52F3-478D-8624-D98B8A28E7D2}.Debug|Any CPU.Build.0 = Debug|Any CPU
		{8917B90E-52F3-478D-8624-D98B8A28E7D2}.Release|Any CPU.ActiveCfg = Release|Any CPU
		{8917B90E-52F3-478D-8624-D98B8A28E7D2}.Release|Any CPU.Build.0 = Release|Any CPU
		{19A105D4-9659-4894-9632-B6C1F5C0290B}.Debug|Any CPU.ActiveCfg = Debug|Any CPU
		{19A105D4-9659-4894-9632-B6C1F5C0290B}.Debug|Any CPU.Build.0 = Debug|Any CPU
		{19A105D4-9659-4894-9632-B6C1F5C0290B}.Release|Any CPU.ActiveCfg = Release|Any CPU
		{19A105D4-9659-4894-9632-B6C1F5C0290B}.Release|Any CPU.Build.0 = Release|Any CPU
		{E90C5649-81C4-4F9F-B53E-BECED89FA391}.Debug|Any CPU.ActiveCfg = Debug|Any CPU
		{E90C5649-81C4-4F9F-B53E-BECED89FA391}.Debug|Any CPU.Build.0 = Debug|Any CPU
		{E90C5649-81C4-4F9F-B53E-BECED89FA391}.Release|Any CPU.ActiveCfg = Release|Any CPU
		{E90C5649-81C4-4F9F-B53E-BECED89FA391}.Release|Any CPU.Build.0 = Release|Any CPU
		{E39CD28A-9C38-43F5-91F5-45DC2B71F4EC}.Debug|Any CPU.ActiveCfg = Debug|Any CPU
		{E39CD28A-9C38-43F5-91F5-45DC2B71F4EC}.Debug|Any CPU.Build.0 = Debug|Any CPU
		{E39CD28A-9C38-43F5-91F5-45DC2B71F4EC}.Release|Any CPU.ActiveCfg = Release|Any CPU
		{E39CD28A-9C38-43F5-91F5-45DC2B71F4EC}.Release|Any CPU.Build.0 = Release|Any CPU
		{638BA523-B60B-49A9-AFB3-7144BD3942EE}.Debug|Any CPU.ActiveCfg = Debug|Any CPU
		{638BA523-B60B-49A9-AFB3-7144BD3942EE}.Debug|Any CPU.Build.0 = Debug|Any CPU
		{638BA523-B60B-49A9-AFB3-7144BD3942EE}.Release|Any CPU.ActiveCfg = Release|Any CPU
		{638BA523-B60B-49A9-AFB3-7144BD3942EE}.Release|Any CPU.Build.0 = Release|Any CPU
		{AFE5BEF8-C8A0-48BE-A650-B97EAF411529}.Debug|Any CPU.ActiveCfg = Debug|Any CPU
		{AFE5BEF8-C8A0-48BE-A650-B97EAF411529}.Debug|Any CPU.Build.0 = Debug|Any CPU
		{AFE5BEF8-C8A0-48BE-A650-B97EAF411529}.Release|Any CPU.ActiveCfg = Release|Any CPU
		{AFE5BEF8-C8A0-48BE-A650-B97EAF411529}.Release|Any CPU.Build.0 = Release|Any CPU
		{DF1A9B57-FD2B-4706-BC69-125391DDC7FC}.Debug|Any CPU.ActiveCfg = Debug|Any CPU
		{DF1A9B57-FD2B-4706-BC69-125391DDC7FC}.Debug|Any CPU.Build.0 = Debug|Any CPU
		{DF1A9B57-FD2B-4706-BC69-125391DDC7FC}.Release|Any CPU.ActiveCfg = Release|Any CPU
		{DF1A9B57-FD2B-4706-BC69-125391DDC7FC}.Release|Any CPU.Build.0 = Release|Any CPU
		{39FDDCDE-A8DE-4CBE-BEF5-3AC7E93FA8E7}.Debug|Any CPU.ActiveCfg = Debug|Any CPU
		{39FDDCDE-A8DE-4CBE-BEF5-3AC7E93FA8E7}.Debug|Any CPU.Build.0 = Debug|Any CPU
		{39FDDCDE-A8DE-4CBE-BEF5-3AC7E93FA8E7}.Release|Any CPU.ActiveCfg = Release|Any CPU
		{39FDDCDE-A8DE-4CBE-BEF5-3AC7E93FA8E7}.Release|Any CPU.Build.0 = Release|Any CPU
	EndGlobalSection
	GlobalSection(SolutionProperties) = preSolution
		HideSolutionNode = FALSE
	EndGlobalSection
	GlobalSection(ExtensibilityGlobals) = postSolution
		SolutionGuid = {E81ECA70-85A6-44E9-9D16-DF7415D3B2EA}
	EndGlobalSection
EndGlobal
